
Microsoft Visual Studio Solution File, Format Version 12.00
# Visual Studio Version 17
VisualStudioVersion = 17.8.34322.80
MinimumVisualStudioVersion = 10.0.40219.1
Project("{FAE04EC0-301F-11D3-BF4B-00C04F79EFBC}") = "übungen_Vriable", "übungen_Vriable.csproj", "{3ECA0955-D9E2-49EC-90E3-525492D614CB}"
EndProject
Global
	GlobalSection(SolutionConfigurationPlatforms) = preSolution
		Debug|Any CPU = Debug|Any CPU
		Release|Any CPU = Release|Any CPU
	EndGlobalSection
	GlobalSection(ProjectConfigurationPlatforms) = postSolution
		{3ECA0955-D9E2-49EC-90E3-525492D614CB}.Debug|Any CPU.ActiveCfg = Debug|Any CPU
		{3ECA0955-D9E2-49EC-90E3-525492D614CB}.Debug|Any CPU.Build.0 = Debug|Any CPU
		{3ECA0955-D9E2-49EC-90E3-525492D614CB}.Release|Any CPU.ActiveCfg = Release|Any CPU
		{3ECA0955-D9E2-49EC-90E3-525492D614CB}.Release|Any CPU.Build.0 = Release|Any CPU
	EndGlobalSection
	GlobalSection(SolutionProperties) = preSolution
		HideSolutionNode = FALSE
	EndGlobalSection
	GlobalSection(ExtensibilityGlobals) = postSolution
		SolutionGuid = {DF592ED3-87C3-4742-BCC1-476EE69523C5}
	EndGlobalSection
EndGlobal
