
Microsoft Visual Studio Solution File, Format Version 12.00
# Visual Studio Version 17
VisualStudioVersion = 17.8.34525.116
MinimumVisualStudioVersion = 10.0.40219.1
Project("{FAE04EC0-301F-11D3-BF4B-00C04F79EFBC}") = "Versandkosten", "Versandkosten.csproj", "{99B12D7A-0C6D-44EA-A849-93EBD5E6D7C6}"
EndProject
Global
	GlobalSection(SolutionConfigurationPlatforms) = preSolution
		Debug|Any CPU = Debug|Any CPU
		Release|Any CPU = Release|Any CPU
	EndGlobalSection
	GlobalSection(ProjectConfigurationPlatforms) = postSolution
		{99B12D7A-0C6D-44EA-A849-93EBD5E6D7C6}.Debug|Any CPU.ActiveCfg = Debug|Any CPU
		{99B12D7A-0C6D-44EA-A849-93EBD5E6D7C6}.Debug|Any CPU.Build.0 = Debug|Any CPU
		{99B12D7A-0C6D-44EA-A849-93EBD5E6D7C6}.Release|Any CPU.ActiveCfg = Release|Any CPU
		{99B12D7A-0C6D-44EA-A849-93EBD5E6D7C6}.Release|Any CPU.Build.0 = Release|Any CPU
	EndGlobalSection
	GlobalSection(SolutionProperties) = preSolution
		HideSolutionNode = FALSE
	EndGlobalSection
	GlobalSection(ExtensibilityGlobals) = postSolution
		SolutionGuid = {0D371AAB-AC6A-4774-A167-F852E47410D2}
	EndGlobalSection
EndGlobal
