
Microsoft Visual Studio Solution File, Format Version 12.00
# Visual Studio Version 17
VisualStudioVersion = 17.8.34525.116
MinimumVisualStudioVersion = 10.0.40219.1
Project("{FAE04EC0-301F-11D3-BF4B-00C04F79EFBC}") = "GPS_seconds_Calculator", "GPS_seconds_Calculator\GPS_seconds_Calculator.csproj", "{2D6A4B64-1126-4360-9668-5C425095F904}"
EndProject
Global
	GlobalSection(SolutionConfigurationPlatforms) = preSolution
		Debug|Any CPU = Debug|Any CPU
		Release|Any CPU = Release|Any CPU
	EndGlobalSection
	GlobalSection(ProjectConfigurationPlatforms) = postSolution
		{2D6A4B64-1126-4360-9668-5C425095F904}.Debug|Any CPU.ActiveCfg = Debug|Any CPU
		{2D6A4B64-1126-4360-9668-5C425095F904}.Debug|Any CPU.Build.0 = Debug|Any CPU
		{2D6A4B64-1126-4360-9668-5C425095F904}.Release|Any CPU.ActiveCfg = Release|Any CPU
		{2D6A4B64-1126-4360-9668-5C425095F904}.Release|Any CPU.Build.0 = Release|Any CPU
	EndGlobalSection
	GlobalSection(SolutionProperties) = preSolution
		HideSolutionNode = FALSE
	EndGlobalSection
	GlobalSection(ExtensibilityGlobals) = postSolution
		SolutionGuid = {128EC970-277B-4780-A1A2-FD3B2ABEBFC0}
	EndGlobalSection
EndGlobal
